// !$*UTF8*$!
{
	archiveVersion = 1;
	classes = {
	};
	objectVersion = 50;
	objects = {

/* Begin PBXBuildFile section */
		A164DF552643007500EA014A /* AppDelegate.swift in Sources */ = {isa = PBXBuildFile; fileRef = A164DF542643007500EA014A /* AppDelegate.swift */; };
		A164DF572643007500EA014A /* SceneDelegate.swift in Sources */ = {isa = PBXBuildFile; fileRef = A164DF562643007500EA014A /* SceneDelegate.swift */; };
		A164DF592643007500EA014A /* ViewController.swift in Sources */ = {isa = PBXBuildFile; fileRef = A164DF582643007500EA014A /* ViewController.swift */; };
		A164DF5C2643007500EA014A /* Main.storyboard in Resources */ = {isa = PBXBuildFile; fileRef = A164DF5A2643007500EA014A /* Main.storyboard */; };
		A164DF5E2643007900EA014A /* Assets.xcassets in Resources */ = {isa = PBXBuildFile; fileRef = A164DF5D2643007900EA014A /* Assets.xcassets */; };
		A164DF612643007900EA014A /* LaunchScreen.storyboard in Resources */ = {isa = PBXBuildFile; fileRef = A164DF5F2643007900EA014A /* LaunchScreen.storyboard */; };
		A164DF6C2643007900EA014A /* MusicAppTests.swift in Sources */ = {isa = PBXBuildFile; fileRef = A164DF6B2643007900EA014A /* MusicAppTests.swift */; };
		A164DF772643007900EA014A /* MusicAppUITests.swift in Sources */ = {isa = PBXBuildFile; fileRef = A164DF762643007900EA014A /* MusicAppUITests.swift */; };
/* End PBXBuildFile section */

/* Begin PBXContainerItemProxy section */
		A164DF682643007900EA014A /* PBXContainerItemProxy */ = {
			isa = PBXContainerItemProxy;
			containerPortal = A164DF492643007500EA014A /* Project object */;
			proxyType = 1;
			remoteGlobalIDString = A164DF502643007500EA014A;
			remoteInfo = MusicApp;
		};
		A164DF732643007900EA014A /* PBXContainerItemProxy */ = {
			isa = PBXContainerItemProxy;
			containerPortal = A164DF492643007500EA014A /* Project object */;
			proxyType = 1;
			remoteGlobalIDString = A164DF502643007500EA014A;
			remoteInfo = MusicApp;
		};
/* End PBXContainerItemProxy section */

/* Begin PBXFileReference section */
		A164DF512643007500EA014A /* MusicApp.app */ = {isa = PBXFileReference; explicitFileType = wrapper.application; includeInIndex = 0; path = MusicApp.app; sourceTree = BUILT_PRODUCTS_DIR; };
		A164DF542643007500EA014A /* AppDelegate.swift */ = {isa = PBXFileReference; lastKnownFileType = sourcecode.swift; path = AppDelegate.swift; sourceTree = "<group>"; };
		A164DF562643007500EA014A /* SceneDelegate.swift */ = {isa = PBXFileReference; lastKnownFileType = sourcecode.swift; path = SceneDelegate.swift; sourceTree = "<group>"; };
		A164DF582643007500EA014A /* ViewController.swift */ = {isa = PBXFileReference; lastKnownFileType = sourcecode.swift; path = ViewController.swift; sourceTree = "<group>"; };
		A164DF5B2643007500EA014A /* Base */ = {isa = PBXFileReference; lastKnownFileType = file.storyboard; name = Base; path = Base.lproj/Main.storyboard; sourceTree = "<group>"; };
		A164DF5D2643007900EA014A /* Assets.xcassets */ = {isa = PBXFileReference; lastKnownFileType = folder.assetcatalog; path = Assets.xcassets; sourceTree = "<group>"; };
		A164DF602643007900EA014A /* Base */ = {isa = PBXFileReference; lastKnownFileType = file.storyboard; name = Base; path = Base.lproj/LaunchScreen.storyboard; sourceTree = "<group>"; };
		A164DF622643007900EA014A /* Info.plist */ = {isa = PBXFileReference; lastKnownFileType = text.plist.xml; path = Info.plist; sourceTree = "<group>"; };
		A164DF672643007900EA014A /* MusicAppTests.xctest */ = {isa = PBXFileReference; explicitFileType = wrapper.cfbundle; includeInIndex = 0; path = MusicAppTests.xctest; sourceTree = BUILT_PRODUCTS_DIR; };
		A164DF6B2643007900EA014A /* MusicAppTests.swift */ = {isa = PBXFileReference; lastKnownFileType = sourcecode.swift; path = MusicAppTests.swift; sourceTree = "<group>"; };
		A164DF6D2643007900EA014A /* Info.plist */ = {isa = PBXFileReference; lastKnownFileType = text.plist.xml; path = Info.plist; sourceTree = "<group>"; };
		A164DF722643007900EA014A /* MusicAppUITests.xctest */ = {isa = PBXFileReference; explicitFileType = wrapper.cfbundle; includeInIndex = 0; path = MusicAppUITests.xctest; sourceTree = BUILT_PRODUCTS_DIR; };
		A164DF762643007900EA014A /* MusicAppUITests.swift */ = {isa = PBXFileReference; lastKnownFileType = sourcecode.swift; path = MusicAppUITests.swift; sourceTree = "<group>"; };
		A164DF782643007900EA014A /* Info.plist */ = {isa = PBXFileReference; lastKnownFileType = text.plist.xml; path = Info.plist; sourceTree = "<group>"; };
/* End PBXFileReference section */

/* Begin PBXFrameworksBuildPhase section */
		A164DF4E2643007500EA014A /* Frameworks */ = {
			isa = PBXFrameworksBuildPhase;
			buildActionMask = 2147483647;
			files = (
			);
			runOnlyForDeploymentPostprocessing = 0;
		};
		A164DF642643007900EA014A /* Frameworks */ = {
			isa = PBXFrameworksBuildPhase;
			buildActionMask = 2147483647;
			files = (
			);
			runOnlyForDeploymentPostprocessing = 0;
		};
		A164DF6F2643007900EA014A /* Frameworks */ = {
			isa = PBXFrameworksBuildPhase;
			buildActionMask = 2147483647;
			files = (
			);
			runOnlyForDeploymentPostprocessing = 0;
		};
/* End PBXFrameworksBuildPhase section */

/* Begin PBXGroup section */
		A164DF482643007500EA014A = {
			isa = PBXGroup;
			children = (
				A164DF532643007500EA014A /* MusicApp */,
				A164DF6A2643007900EA014A /* MusicAppTests */,
				A164DF752643007900EA014A /* MusicAppUITests */,
				A164DF522643007500EA014A /* Products */,
			);
			sourceTree = "<group>";
		};
		A164DF522643007500EA014A /* Products */ = {
			isa = PBXGroup;
			children = (
				A164DF512643007500EA014A /* MusicApp.app */,
				A164DF672643007900EA014A /* MusicAppTests.xctest */,
				A164DF722643007900EA014A /* MusicAppUITests.xctest */,
			);
			name = Products;
			sourceTree = "<group>";
		};
		A164DF532643007500EA014A /* MusicApp */ = {
			isa = PBXGroup;
			children = (
				A164DF542643007500EA014A /* AppDelegate.swift */,
				A164DF562643007500EA014A /* SceneDelegate.swift */,
				A164DF582643007500EA014A /* ViewController.swift */,
				A164DF5A2643007500EA014A /* Main.storyboard */,
				A164DF5D2643007900EA014A /* Assets.xcassets */,
				A164DF5F2643007900EA014A /* LaunchScreen.storyboard */,
				A164DF622643007900EA014A /* Info.plist */,
			);
			path = MusicApp;
			sourceTree = "<group>";
		};
		A164DF6A2643007900EA014A /* MusicAppTests */ = {
			isa = PBXGroup;
			children = (
				A164DF6B2643007900EA014A /* MusicAppTests.swift */,
				A164DF6D2643007900EA014A /* Info.plist */,
			);
			path = MusicAppTests;
			sourceTree = "<group>";
		};
		A164DF752643007900EA014A /* MusicAppUITests */ = {
			isa = PBXGroup;
			children = (
				A164DF762643007900EA014A /* MusicAppUITests.swift */,
				A164DF782643007900EA014A /* Info.plist */,
			);
			path = MusicAppUITests;
			sourceTree = "<group>";
		};
/* End PBXGroup section */

/* Begin PBXNativeTarget section */
		A164DF502643007500EA014A /* MusicApp */ = {
			isa = PBXNativeTarget;
			buildConfigurationList = A164DF7B2643007900EA014A /* Build configuration list for PBXNativeTarget "MusicApp" */;
			buildPhases = (
				A164DF4D2643007500EA014A /* Sources */,
				A164DF4E2643007500EA014A /* Frameworks */,
				A164DF4F2643007500EA014A /* Resources */,
			);
			buildRules = (
			);
			dependencies = (
			);
			name = MusicApp;
			productName = MusicApp;
			productReference = A164DF512643007500EA014A /* MusicApp.app */;
			productType = "com.apple.product-type.application";
		};
		A164DF662643007900EA014A /* MusicAppTests */ = {
			isa = PBXNativeTarget;
			buildConfigurationList = A164DF7E2643007900EA014A /* Build configuration list for PBXNativeTarget "MusicAppTests" */;
			buildPhases = (
				A164DF632643007900EA014A /* Sources */,
				A164DF642643007900EA014A /* Frameworks */,
				A164DF652643007900EA014A /* Resources */,
			);
			buildRules = (
			);
			dependencies = (
				A164DF692643007900EA014A /* PBXTargetDependency */,
			);
			name = MusicAppTests;
			productName = MusicAppTests;
			productReference = A164DF672643007900EA014A /* MusicAppTests.xctest */;
			productType = "com.apple.product-type.bundle.unit-test";
		};
		A164DF712643007900EA014A /* MusicAppUITests */ = {
			isa = PBXNativeTarget;
			buildConfigurationList = A164DF812643007900EA014A /* Build configuration list for PBXNativeTarget "MusicAppUITests" */;
			buildPhases = (
				A164DF6E2643007900EA014A /* Sources */,
				A164DF6F2643007900EA014A /* Frameworks */,
				A164DF702643007900EA014A /* Resources */,
			);
			buildRules = (
			);
			dependencies = (
				A164DF742643007900EA014A /* PBXTargetDependency */,
			);
			name = MusicAppUITests;
			productName = MusicAppUITests;
			productReference = A164DF722643007900EA014A /* MusicAppUITests.xctest */;
			productType = "com.apple.product-type.bundle.ui-testing";
		};
/* End PBXNativeTarget section */

/* Begin PBXProject section */
		A164DF492643007500EA014A /* Project object */ = {
			isa = PBXProject;
			attributes = {
				LastSwiftUpdateCheck = 1200;
				LastUpgradeCheck = 1200;
				TargetAttributes = {
					A164DF502643007500EA014A = {
						CreatedOnToolsVersion = 12.0;
					};
					A164DF662643007900EA014A = {
						CreatedOnToolsVersion = 12.0;
						TestTargetID = A164DF502643007500EA014A;
					};
					A164DF712643007900EA014A = {
						CreatedOnToolsVersion = 12.0;
						TestTargetID = A164DF502643007500EA014A;
					};
				};
			};
			buildConfigurationList = A164DF4C2643007500EA014A /* Build configuration list for PBXProject "MusicApp" */;
			compatibilityVersion = "Xcode 9.3";
			developmentRegion = en;
			hasScannedForEncodings = 0;
			knownRegions = (
				en,
				Base,
			);
			mainGroup = A164DF482643007500EA014A;
			productRefGroup = A164DF522643007500EA014A /* Products */;
			projectDirPath = "";
			projectRoot = "";
			targets = (
				A164DF502643007500EA014A /* MusicApp */,
				A164DF662643007900EA014A /* MusicAppTests */,
				A164DF712643007900EA014A /* MusicAppUITests */,
			);
		};
/* End PBXProject section */

/* Begin PBXResourcesBuildPhase section */
		A164DF4F2643007500EA014A /* Resources */ = {
			isa = PBXResourcesBuildPhase;
			buildActionMask = 2147483647;
			files = (
				A164DF612643007900EA014A /* LaunchScreen.storyboard in Resources */,
				A164DF5E2643007900EA014A /* Assets.xcassets in Resources */,
				A164DF5C2643007500EA014A /* Main.storyboard in Resources */,
			);
			runOnlyForDeploymentPostprocessing = 0;
		};
		A164DF652643007900EA014A /* Resources */ = {
			isa = PBXResourcesBuildPhase;
			buildActionMask = 2147483647;
			files = (
			);
			runOnlyForDeploymentPostprocessing = 0;
		};
		A164DF702643007900EA014A /* Resources */ = {
			isa = PBXResourcesBuildPhase;
			buildActionMask = 2147483647;
			files = (
			);
			runOnlyForDeploymentPostprocessing = 0;
		};
/* End PBXResourcesBuildPhase section */

/* Begin PBXSourcesBuildPhase section */
		A164DF4D2643007500EA014A /* Sources */ = {
			isa = PBXSourcesBuildPhase;
			buildActionMask = 2147483647;
			files = (
				A164DF592643007500EA014A /* ViewController.swift in Sources */,
				A164DF552643007500EA014A /* AppDelegate.swift in Sources */,
				A164DF572643007500EA014A /* SceneDelegate.swift in Sources */,
			);
			runOnlyForDeploymentPostprocessing = 0;
		};
		A164DF632643007900EA014A /* Sources */ = {
			isa = PBXSourcesBuildPhase;
			buildActionMask = 2147483647;
			files = (
				A164DF6C2643007900EA014A /* MusicAppTests.swift in Sources */,
			);
			runOnlyForDeploymentPostprocessing = 0;
		};
		A164DF6E2643007900EA014A /* Sources */ = {
			isa = PBXSourcesBuildPhase;
			buildActionMask = 2147483647;
			files = (
				A164DF772643007900EA014A /* MusicAppUITests.swift in Sources */,
			);
			runOnlyForDeploymentPostprocessing = 0;
		};
/* End PBXSourcesBuildPhase section */

/* Begin PBXTargetDependency section */
		A164DF692643007900EA014A /* PBXTargetDependency */ = {
			isa = PBXTargetDependency;
			target = A164DF502643007500EA014A /* MusicApp */;
			targetProxy = A164DF682643007900EA014A /* PBXContainerItemProxy */;
		};
		A164DF742643007900EA014A /* PBXTargetDependency */ = {
			isa = PBXTargetDependency;
			target = A164DF502643007500EA014A /* MusicApp */;
			targetProxy = A164DF732643007900EA014A /* PBXContainerItemProxy */;
		};
/* End PBXTargetDependency section */

/* Begin PBXVariantGroup section */
		A164DF5A2643007500EA014A /* Main.storyboard */ = {
			isa = PBXVariantGroup;
			children = (
				A164DF5B2643007500EA014A /* Base */,
			);
			name = Main.storyboard;
			sourceTree = "<group>";
		};
		A164DF5F2643007900EA014A /* LaunchScreen.storyboard */ = {
			isa = PBXVariantGroup;
			children = (
				A164DF602643007900EA014A /* Base */,
			);
			name = LaunchScreen.storyboard;
			sourceTree = "<group>";
		};
/* End PBXVariantGroup section */

/* Begin XCBuildConfiguration section */
		A164DF792643007900EA014A /* Debug */ = {
			isa = XCBuildConfiguration;
			buildSettings = {
				ALWAYS_SEARCH_USER_PATHS = NO;
				CLANG_ANALYZER_NONNULL = YES;
				CLANG_ANALYZER_NUMBER_OBJECT_CONVERSION = YES_AGGRESSIVE;
				CLANG_CXX_LANGUAGE_STANDARD = "gnu++14";
				CLANG_CXX_LIBRARY = "libc++";
				CLANG_ENABLE_MODULES = YES;
				CLANG_ENABLE_OBJC_ARC = YES;
				CLANG_ENABLE_OBJC_WEAK = YES;
				CLANG_WARN_BLOCK_CAPTURE_AUTORELEASING = YES;
				CLANG_WARN_BOOL_CONVERSION = YES;
				CLANG_WARN_COMMA = YES;
				CLANG_WARN_CONSTANT_CONVERSION = YES;
				CLANG_WARN_DEPRECATED_OBJC_IMPLEMENTATIONS = YES;
				CLANG_WARN_DIRECT_OBJC_ISA_USAGE = YES_ERROR;
				CLANG_WARN_DOCUMENTATION_COMMENTS = YES;
				CLANG_WARN_EMPTY_BODY = YES;
				CLANG_WARN_ENUM_CONVERSION = YES;
				CLANG_WARN_INFINITE_RECURSION = YES;
				CLANG_WARN_INT_CONVERSION = YES;
				CLANG_WARN_NON_LITERAL_NULL_CONVERSION = YES;
				CLANG_WARN_OBJC_IMPLICIT_RETAIN_SELF = YES;
				CLANG_WARN_OBJC_LITERAL_CONVERSION = YES;
				CLANG_WARN_OBJC_ROOT_CLASS = YES_ERROR;
				CLANG_WARN_QUOTED_INCLUDE_IN_FRAMEWORK_HEADER = YES;
				CLANG_WARN_RANGE_LOOP_ANALYSIS = YES;
				CLANG_WARN_STRICT_PROTOTYPES = YES;
				CLANG_WARN_SUSPICIOUS_MOVE = YES;
				CLANG_WARN_UNGUARDED_AVAILABILITY = YES_AGGRESSIVE;
				CLANG_WARN_UNREACHABLE_CODE = YES;
				CLANG_WARN__DUPLICATE_METHOD_MATCH = YES;
				COPY_PHASE_STRIP = NO;
				DEBUG_INFORMATION_FORMAT = dwarf;
				ENABLE_STRICT_OBJC_MSGSEND = YES;
				ENABLE_TESTABILITY = YES;
				GCC_C_LANGUAGE_STANDARD = gnu11;
				GCC_DYNAMIC_NO_PIC = NO;
				GCC_NO_COMMON_BLOCKS = YES;
				GCC_OPTIMIZATION_LEVEL = 0;
				GCC_PREPROCESSOR_DEFINITIONS = (
					"DEBUG=1",
					"$(inherited)",
				);
				GCC_WARN_64_TO_32_BIT_CONVERSION = YES;
				GCC_WARN_ABOUT_RETURN_TYPE = YES_ERROR;
				GCC_WARN_UNDECLARED_SELECTOR = YES;
				GCC_WARN_UNINITIALIZED_AUTOS = YES_AGGRESSIVE;
				GCC_WARN_UNUSED_FUNCTION = YES;
				GCC_WARN_UNUSED_VARIABLE = YES;
				IPHONEOS_DEPLOYMENT_TARGET = 14.0;
				MTL_ENABLE_DEBUG_INFO = INCLUDE_SOURCE;
				MTL_FAST_MATH = YES;
				ONLY_ACTIVE_ARCH = YES;
				SDKROOT = iphoneos;
				SWIFT_ACTIVE_COMPILATION_CONDITIONS = DEBUG;
				SWIFT_OPTIMIZATION_LEVEL = "-Onone";
			};
			name = Debug;
		};
		A164DF7A2643007900EA014A /* Release */ = {
			isa = XCBuildConfiguration;
			buildSettings = {
				ALWAYS_SEARCH_USER_PATHS = NO;
				CLANG_ANALYZER_NONNULL = YES;
				CLANG_ANALYZER_NUMBER_OBJECT_CONVERSION = YES_AGGRESSIVE;
				CLANG_CXX_LANGUAGE_STANDARD = "gnu++14";
				CLANG_CXX_LIBRARY = "libc++";
				CLANG_ENABLE_MODULES = YES;
				CLANG_ENABLE_OBJC_ARC = YES;
				CLANG_ENABLE_OBJC_WEAK = YES;
				CLANG_WARN_BLOCK_CAPTURE_AUTORELEASING = YES;
				CLANG_WARN_BOOL_CONVERSION = YES;
				CLANG_WARN_COMMA = YES;
				CLANG_WARN_CONSTANT_CONVERSION = YES;
				CLANG_WARN_DEPRECATED_OBJC_IMPLEMENTATIONS = YES;
				CLANG_WARN_DIRECT_OBJC_ISA_USAGE = YES_ERROR;
				CLANG_WARN_DOCUMENTATION_COMMENTS = YES;
				CLANG_WARN_EMPTY_BODY = YES;
				CLANG_WARN_ENUM_CONVERSION = YES;
				CLANG_WARN_INFINITE_RECURSION = YES;
				CLANG_WARN_INT_CONVERSION = YES;
				CLANG_WARN_NON_LITERAL_NULL_CONVERSION = YES;
				CLANG_WARN_OBJC_IMPLICIT_RETAIN_SELF = YES;
				CLANG_WARN_OBJC_LITERAL_CONVERSION = YES;
				CLANG_WARN_OBJC_ROOT_CLASS = YES_ERROR;
				CLANG_WARN_QUOTED_INCLUDE_IN_FRAMEWORK_HEADER = YES;
				CLANG_WARN_RANGE_LOOP_ANALYSIS = YES;
				CLANG_WARN_STRICT_PROTOTYPES = YES;
				CLANG_WARN_SUSPICIOUS_MOVE = YES;
				CLANG_WARN_UNGUARDED_AVAILABILITY = YES_AGGRESSIVE;
				CLANG_WARN_UNREACHABLE_CODE = YES;
				CLANG_WARN__DUPLICATE_METHOD_MATCH = YES;
				COPY_PHASE_STRIP = NO;
				DEBUG_INFORMATION_FORMAT = "dwarf-with-dsym";
				ENABLE_NS_ASSERTIONS = NO;
				ENABLE_STRICT_OBJC_MSGSEND = YES;
				GCC_C_LANGUAGE_STANDARD = gnu11;
				GCC_NO_COMMON_BLOCKS = YES;
				GCC_WARN_64_TO_32_BIT_CONVERSION = YES;
				GCC_WARN_ABOUT_RETURN_TYPE = YES_ERROR;
				GCC_WARN_UNDECLARED_SELECTOR = YES;
				GCC_WARN_UNINITIALIZED_AUTOS = YES_AGGRESSIVE;
				GCC_WARN_UNUSED_FUNCTION = YES;
				GCC_WARN_UNUSED_VARIABLE = YES;
				IPHONEOS_DEPLOYMENT_TARGET = 14.0;
				MTL_ENABLE_DEBUG_INFO = NO;
				MTL_FAST_MATH = YES;
				SDKROOT = iphoneos;
				SWIFT_COMPILATION_MODE = wholemodule;
				SWIFT_OPTIMIZATION_LEVEL = "-O";
				VALIDATE_PRODUCT = YES;
			};
			name = Release;
		};
		A164DF7C2643007900EA014A /* Debug */ = {
			isa = XCBuildConfiguration;
			buildSettings = {
				ASSETCATALOG_COMPILER_APPICON_NAME = AppIcon;
				ASSETCATALOG_COMPILER_GLOBAL_ACCENT_COLOR_NAME = AccentColor;
				CODE_SIGN_STYLE = Automatic;
				DEVELOPMENT_TEAM = 5N982D5Y38;
				INFOPLIST_FILE = MusicApp/Info.plist;
				LD_RUNPATH_SEARCH_PATHS = (
					"$(inherited)",
					"@executable_path/Frameworks",
				);
				PRODUCT_BUNDLE_IDENTIFIER = com.johnlandy.MusicApp;
				PRODUCT_NAME = "$(TARGET_NAME)";
				SWIFT_VERSION = 5.0;
				TARGETED_DEVICE_FAMILY = "1,2";
			};
			name = Debug;
		};
		A164DF7D2643007900EA014A /* Release */ = {
			isa = XCBuildConfiguration;
			buildSettings = {
				ASSETCATALOG_COMPILER_APPICON_NAME = AppIcon;
				ASSETCATALOG_COMPILER_GLOBAL_ACCENT_COLOR_NAME = AccentColor;
				CODE_SIGN_STYLE = Automatic;
				DEVELOPMENT_TEAM = 5N982D5Y38;
				INFOPLIST_FILE = MusicApp/Info.plist;
				LD_RUNPATH_SEARCH_PATHS = (
					"$(inherited)",
					"@executable_path/Frameworks",
				);
				PRODUCT_BUNDLE_IDENTIFIER = com.johnlandy.MusicApp;
				PRODUCT_NAME = "$(TARGET_NAME)";
				SWIFT_VERSION = 5.0;
				TARGETED_DEVICE_FAMILY = "1,2";
			};
			name = Release;
		};
		A164DF7F2643007900EA014A /* Debug */ = {
			isa = XCBuildConfiguration;
			buildSettings = {
				ALWAYS_EMBED_SWIFT_STANDARD_LIBRARIES = YES;
				BUNDLE_LOADER = "$(TEST_HOST)";
				CODE_SIGN_STYLE = Automatic;
				DEVELOPMENT_TEAM = 5N982D5Y38;
				INFOPLIST_FILE = MusicAppTests/Info.plist;
				IPHONEOS_DEPLOYMENT_TARGET = 14.0;
				LD_RUNPATH_SEARCH_PATHS = (
					"$(inherited)",
					"@executable_path/Frameworks",
					"@loader_path/Frameworks",
				);
				PRODUCT_BUNDLE_IDENTIFIER = com.johnlandy.MusicAppTests;
				PRODUCT_NAME = "$(TARGET_NAME)";
				SWIFT_VERSION = 5.0;
				TARGETED_DEVICE_FAMILY = "1,2";
				TEST_HOST = "$(BUILT_PRODUCTS_DIR)/MusicApp.app/MusicApp";
			};
			name = Debug;
		};
		A164DF802643007900EA014A /* Release */ = {
			isa = XCBuildConfiguration;
			buildSettings = {
				ALWAYS_EMBED_SWIFT_STANDARD_LIBRARIES = YES;
				BUNDLE_LOADER = "$(TEST_HOST)";
				CODE_SIGN_STYLE = Automatic;
				DEVELOPMENT_TEAM = 5N982D5Y38;
				INFOPLIST_FILE = MusicAppTests/Info.plist;
				IPHONEOS_DEPLOYMENT_TARGET = 14.0;
				LD_RUNPATH_SEARCH_PATHS = (
					"$(inherited)",
					"@executable_path/Frameworks",
					"@loader_path/Frameworks",
				);
				PRODUCT_BUNDLE_IDENTIFIER = com.johnlandy.MusicAppTests;
				PRODUCT_NAME = "$(TARGET_NAME)";
				SWIFT_VERSION = 5.0;
				TARGETED_DEVICE_FAMILY = "1,2";
				TEST_HOST = "$(BUILT_PRODUCTS_DIR)/MusicApp.app/MusicApp";
			};
			name = Release;
		};
		A164DF822643007900EA014A /* Debug */ = {
			isa = XCBuildConfiguration;
			buildSettings = {
				ALWAYS_EMBED_SWIFT_STANDARD_LIBRARIES = YES;
				CODE_SIGN_STYLE = Automatic;
				DEVELOPMENT_TEAM = 5N982D5Y38;
				INFOPLIST_FILE = MusicAppUITests/Info.plist;
				LD_RUNPATH_SEARCH_PATHS = (
					"$(inherited)",
					"@executable_path/Frameworks",
					"@loader_path/Frameworks",
				);
				PRODUCT_BUNDLE_IDENTIFIER = com.johnlandy.MusicAppUITests;
				PRODUCT_NAME = "$(TARGET_NAME)";
				SWIFT_VERSION = 5.0;
				TARGETED_DEVICE_FAMILY = "1,2";
				TEST_TARGET_NAME = MusicApp;
			};
			name = Debug;
		};
		A164DF832643007900EA014A /* Release */ = {
			isa = XCBuildConfiguration;
			buildSettings = {
				ALWAYS_EMBED_SWIFT_STANDARD_LIBRARIES = YES;
				CODE_SIGN_STYLE = Automatic;
				DEVELOPMENT_TEAM = 5N982D5Y38;
				INFOPLIST_FILE = MusicAppUITests/Info.plist;
				LD_RUNPATH_SEARCH_PATHS = (
					"$(inherited)",
					"@executable_path/Frameworks",
					"@loader_path/Frameworks",
				);
				PRODUCT_BUNDLE_IDENTIFIER = com.johnlandy.MusicAppUITests;
				PRODUCT_NAME = "$(TARGET_NAME)";
				SWIFT_VERSION = 5.0;
				TARGETED_DEVICE_FAMILY = "1,2";
				TEST_TARGET_NAME = MusicApp;
			};
			name = Release;
		};
/* End XCBuildConfiguration section */

/* Begin XCConfigurationList section */
		A164DF4C2643007500EA014A /* Build configuration list for PBXProject "MusicApp" */ = {
			isa = XCConfigurationList;
			buildConfigurations = (
				A164DF792643007900EA014A /* Debug */,
				A164DF7A2643007900EA014A /* Release */,
			);
			defaultConfigurationIsVisible = 0;
			defaultConfigurationName = Release;
		};
		A164DF7B2643007900EA014A /* Build configuration list for PBXNativeTarget "MusicApp" */ = {
			isa = XCConfigurationList;
			buildConfigurations = (
				A164DF7C2643007900EA014A /* Debug */,
				A164DF7D2643007900EA014A /* Release */,
			);
			defaultConfigurationIsVisible = 0;
			defaultConfigurationName = Release;
		};
		A164DF7E2643007900EA014A /* Build configuration list for PBXNativeTarget "MusicAppTests" */ = {
			isa = XCConfigurationList;
			buildConfigurations = (
				A164DF7F2643007900EA014A /* Debug */,
				A164DF802643007900EA014A /* Release */,
			);
			defaultConfigurationIsVisible = 0;
			defaultConfigurationName = Release;
		};
		A164DF812643007900EA014A /* Build configuration list for PBXNativeTarget "MusicAppUITests" */ = {
			isa = XCConfigurationList;
			buildConfigurations = (
				A164DF822643007900EA014A /* Debug */,
				A164DF832643007900EA014A /* Release */,
			);
			defaultConfigurationIsVisible = 0;
			defaultConfigurationName = Release;
		};
/* End XCConfigurationList section */
	};
	rootObject = A164DF492643007500EA014A /* Project object */;
}
